// !$*UTF8*$!
{
	archiveVersion = 1;
	classes = {
	};
	objectVersion = 77;
	objects = {

/* Begin PBXBuildFile section */
		0988F1EE2DA503C80071996C /* ViewModifiers.swift in Sources */ = {isa = PBXBuildFile; fileRef = 0922A9ED2DA0CDE50003A6BD /* ViewModifiers.swift */; };
		0988F1EF2DA503C80071996C /* ViewModifiers.swift in Sources */ = {isa = PBXBuildFile; fileRef = 0922A9ED2DA0CDE50003A6BD /* ViewModifiers.swift */; };
		09BE87E42D9D3A38004FCCFB /* SoloPanelModifier.swift in Sources */ = {isa = PBXBuildFile; fileRef = 09BE87E32D9D3A38004FCCFB /* SoloPanelModifier.swift */; };
		09BE87EC2D9D5D1B004FCCFB /* GradientButtonStyle.swift in Sources */ = {isa = PBXBuildFile; fileRef = 09BE87EB2D9D5D1B004FCCFB /* GradientButtonStyle.swift */; };
		09BE87F72D9DEC53004FCCFB /* ThemeColors.swift in Sources */ = {isa = PBXBuildFile; fileRef = 09BE87F62D9DEC53004FCCFB /* ThemeColors.swift */; };
		09C2BA1F2D9F5D1F00CD6352 /* GateStatus+CoreDataClass.swift in Sources */ = {isa = PBXBuildFile; fileRef = 09C2BA1D2D9F5D1F00CD6352 /* GateStatus+CoreDataClass.swift */; };
		09C2BA202D9F5D1F00CD6352 /* GateStatus+CoreDataProperties.swift in Sources */ = {isa = PBXBuildFile; fileRef = 09C2BA1E2D9F5D1F00CD6352 /* GateStatus+CoreDataProperties.swift */; };
		09C2BA212D9F5D1F00CD6352 /* GateStatus+CoreDataClass.swift in Sources */ = {isa = PBXBuildFile; fileRef = 09C2BA1D2D9F5D1F00CD6352 /* GateStatus+CoreDataClass.swift */; };
		09C2BA222D9F5D1F00CD6352 /* GateStatus+CoreDataProperties.swift in Sources */ = {isa = PBXBuildFile; fileRef = 09C2BA1E2D9F5D1F00CD6352 /* GateStatus+CoreDataProperties.swift */; };
		09C2BA292D9F5D3900CD6352 /* Habit+CoreDataProperties.swift in Sources */ = {isa = PBXBuildFile; fileRef = 09C2BA282D9F5D3900CD6352 /* Habit+CoreDataProperties.swift */; };
		09C2BA2A2D9F5D3900CD6352 /* Habit+CoreDataClass.swift in Sources */ = {isa = PBXBuildFile; fileRef = 09C2BA272D9F5D3900CD6352 /* Habit+CoreDataClass.swift */; };
		09C2BA2B2D9F5D3900CD6352 /* Habit+CoreDataClass.swift in Sources */ = {isa = PBXBuildFile; fileRef = 09C2BA272D9F5D3900CD6352 /* Habit+CoreDataClass.swift */; };
		09C2BA2C2D9F5D3900CD6352 /* Habit+CoreDataProperties.swift in Sources */ = {isa = PBXBuildFile; fileRef = 09C2BA282D9F5D3900CD6352 /* Habit+CoreDataProperties.swift */; };
		09C2BA332D9F5D5200CD6352 /* HabitLog+CoreDataClass.swift in Sources */ = {isa = PBXBuildFile; fileRef = 09C2BA312D9F5D5200CD6352 /* HabitLog+CoreDataClass.swift */; };
		09C2BA342D9F5D5200CD6352 /* HabitLog+CoreDataProperties.swift in Sources */ = {isa = PBXBuildFile; fileRef = 09C2BA322D9F5D5200CD6352 /* HabitLog+CoreDataProperties.swift */; };
		09C2BA352D9F5D5200CD6352 /* HabitLog+CoreDataClass.swift in Sources */ = {isa = PBXBuildFile; fileRef = 09C2BA312D9F5D5200CD6352 /* HabitLog+CoreDataClass.swift */; };
		09C2BA362D9F5D5200CD6352 /* HabitLog+CoreDataProperties.swift in Sources */ = {isa = PBXBuildFile; fileRef = 09C2BA322D9F5D5200CD6352 /* HabitLog+CoreDataProperties.swift */; };
		09C2BA3D2D9F5D6700CD6352 /* UserProfile+CoreDataProperties.swift in Sources */ = {isa = PBXBuildFile; fileRef = 09C2BA3C2D9F5D6700CD6352 /* UserProfile+CoreDataProperties.swift */; };
		09C2BA3E2D9F5D6700CD6352 /* UserProfile+CoreDataClass.swift in Sources */ = {isa = PBXBuildFile; fileRef = 09C2BA3B2D9F5D6700CD6352 /* UserProfile+CoreDataClass.swift */; };
		09C2BA3F2D9F5D6700CD6352 /* UserProfile+CoreDataProperties.swift in Sources */ = {isa = PBXBuildFile; fileRef = 09C2BA3C2D9F5D6700CD6352 /* UserProfile+CoreDataProperties.swift */; };
		09C2BA402D9F5D6700CD6352 /* UserProfile+CoreDataClass.swift in Sources */ = {isa = PBXBuildFile; fileRef = 09C2BA3B2D9F5D6700CD6352 /* UserProfile+CoreDataClass.swift */; };
		09C2BA622DA088F000CD6352 /* UserArtifact+CoreDataClass.swift in Sources */ = {isa = PBXBuildFile; fileRef = 09C2BA602DA088F000CD6352 /* UserArtifact+CoreDataClass.swift */; };
		09C2BA632DA088F000CD6352 /* UserArtifact+CoreDataProperties.swift in Sources */ = {isa = PBXBuildFile; fileRef = 09C2BA612DA088F000CD6352 /* UserArtifact+CoreDataProperties.swift */; };
		09C2BA642DA088F000CD6352 /* UserArtifact+CoreDataClass.swift in Sources */ = {isa = PBXBuildFile; fileRef = 09C2BA602DA088F000CD6352 /* UserArtifact+CoreDataClass.swift */; };
		09C2BA652DA088F000CD6352 /* UserArtifact+CoreDataProperties.swift in Sources */ = {isa = PBXBuildFile; fileRef = 09C2BA612DA088F000CD6352 /* UserArtifact+CoreDataProperties.swift */; };
		09C2BA6C2DA0890900CD6352 /* Artifact+CoreDataClass.swift in Sources */ = {isa = PBXBuildFile; fileRef = 09C2BA6A2DA0890900CD6352 /* Artifact+CoreDataClass.swift */; };
		09C2BA6D2DA0890900CD6352 /* Artifact+CoreDataProperties.swift in Sources */ = {isa = PBXBuildFile; fileRef = 09C2BA6B2DA0890900CD6352 /* Artifact+CoreDataProperties.swift */; };
		09C2BA6E2DA0890900CD6352 /* Artifact+CoreDataClass.swift in Sources */ = {isa = PBXBuildFile; fileRef = 09C2BA6A2DA0890900CD6352 /* Artifact+CoreDataClass.swift */; };
		09C2BA6F2DA0890900CD6352 /* Artifact+CoreDataProperties.swift in Sources */ = {isa = PBXBuildFile; fileRef = 09C2BA6B2DA0890900CD6352 /* Artifact+CoreDataProperties.swift */; };
/* End PBXBuildFile section */

/* Begin PBXContainerItemProxy section */
		0989FC1F2D9C176400729503 /* PBXContainerItemProxy */ = {
			isa = PBXContainerItemProxy;
			containerPortal = 0989FC042D9C176200729503 /* Project object */;
			proxyType = 1;
			remoteGlobalIDString = 0989FC0B2D9C176200729503;
			remoteInfo = HabitLeveling;
		};
		0989FC292D9C176400729503 /* PBXContainerItemProxy */ = {
			isa = PBXContainerItemProxy;
			containerPortal = 0989FC042D9C176200729503 /* Project object */;
			proxyType = 1;
			remoteGlobalIDString = 0989FC0B2D9C176200729503;
			remoteInfo = HabitLeveling;
		};
/* End PBXContainerItemProxy section */

/* Begin PBXFileReference section */
		0922A9ED2DA0CDE50003A6BD /* ViewModifiers.swift */ = {isa = PBXFileReference; lastKnownFileType = sourcecode.swift; path = ViewModifiers.swift; sourceTree = "<group>"; };
		0989FC0C2D9C176200729503 /* HabitLeveling.app */ = {isa = PBXFileReference; explicitFileType = wrapper.application; includeInIndex = 0; path = HabitLeveling.app; sourceTree = BUILT_PRODUCTS_DIR; };
		0989FC1E2D9C176400729503 /* HabitLevelingTests.xctest */ = {isa = PBXFileReference; explicitFileType = wrapper.cfbundle; includeInIndex = 0; path = HabitLevelingTests.xctest; sourceTree = BUILT_PRODUCTS_DIR; };
		0989FC282D9C176400729503 /* HabitLevelingUITests.xctest */ = {isa = PBXFileReference; explicitFileType = wrapper.cfbundle; includeInIndex = 0; path = HabitLevelingUITests.xctest; sourceTree = BUILT_PRODUCTS_DIR; };
		09BE87E32D9D3A38004FCCFB /* SoloPanelModifier.swift */ = {isa = PBXFileReference; lastKnownFileType = sourcecode.swift; path = SoloPanelModifier.swift; sourceTree = "<group>"; };
		09BE87EB2D9D5D1B004FCCFB /* GradientButtonStyle.swift */ = {isa = PBXFileReference; lastKnownFileType = sourcecode.swift; path = GradientButtonStyle.swift; sourceTree = "<group>"; };
		09BE87F62D9DEC53004FCCFB /* ThemeColors.swift */ = {isa = PBXFileReference; lastKnownFileType = sourcecode.swift; path = ThemeColors.swift; sourceTree = "<group>"; };
		09C2BA1D2D9F5D1F00CD6352 /* GateStatus+CoreDataClass.swift */ = {isa = PBXFileReference; lastKnownFileType = sourcecode.swift; name = "GateStatus+CoreDataClass.swift"; path = "HabitLeveling/Models/GateStatus+CoreDataClass.swift"; sourceTree = "<group>"; };
		09C2BA1E2D9F5D1F00CD6352 /* GateStatus+CoreDataProperties.swift */ = {isa = PBXFileReference; lastKnownFileType = sourcecode.swift; name = "GateStatus+CoreDataProperties.swift"; path = "HabitLeveling/Models/GateStatus+CoreDataProperties.swift"; sourceTree = "<group>"; };
		09C2BA272D9F5D3900CD6352 /* Habit+CoreDataClass.swift */ = {isa = PBXFileReference; lastKnownFileType = sourcecode.swift; name = "Habit+CoreDataClass.swift"; path = "HabitLeveling/Models/Habit+CoreDataClass.swift"; sourceTree = "<group>"; };
		09C2BA282D9F5D3900CD6352 /* Habit+CoreDataProperties.swift */ = {isa = PBXFileReference; lastKnownFileType = sourcecode.swift; name = "Habit+CoreDataProperties.swift"; path = "HabitLeveling/Models/Habit+CoreDataProperties.swift"; sourceTree = "<group>"; };
		09C2BA312D9F5D5200CD6352 /* HabitLog+CoreDataClass.swift */ = {isa = PBXFileReference; lastKnownFileType = sourcecode.swift; name = "HabitLog+CoreDataClass.swift"; path = "HabitLeveling/Models/HabitLog+CoreDataClass.swift"; sourceTree = "<group>"; };
		09C2BA322D9F5D5200CD6352 /* HabitLog+CoreDataProperties.swift */ = {isa = PBXFileReference; lastKnownFileType = sourcecode.swift; name = "HabitLog+CoreDataProperties.swift"; path = "HabitLeveling/Models/HabitLog+CoreDataProperties.swift"; sourceTree = "<group>"; };
		09C2BA3B2D9F5D6700CD6352 /* UserProfile+CoreDataClass.swift */ = {isa = PBXFileReference; lastKnownFileType = sourcecode.swift; name = "UserProfile+CoreDataClass.swift"; path = "HabitLeveling/Models/UserProfile+CoreDataClass.swift"; sourceTree = "<group>"; };
		09C2BA3C2D9F5D6700CD6352 /* UserProfile+CoreDataProperties.swift */ = {isa = PBXFileReference; lastKnownFileType = sourcecode.swift; name = "UserProfile+CoreDataProperties.swift"; path = "HabitLeveling/Models/UserProfile+CoreDataProperties.swift"; sourceTree = "<group>"; };
		09C2BA602DA088F000CD6352 /* UserArtifact+CoreDataClass.swift */ = {isa = PBXFileReference; lastKnownFileType = sourcecode.swift; name = "UserArtifact+CoreDataClass.swift"; path = "HabitLeveling/Models/UserArtifact+CoreDataClass.swift"; sourceTree = "<group>"; };
		09C2BA612DA088F000CD6352 /* UserArtifact+CoreDataProperties.swift */ = {isa = PBXFileReference; lastKnownFileType = sourcecode.swift; name = "UserArtifact+CoreDataProperties.swift"; path = "HabitLeveling/Models/UserArtifact+CoreDataProperties.swift"; sourceTree = "<group>"; };
		09C2BA6A2DA0890900CD6352 /* Artifact+CoreDataClass.swift */ = {isa = PBXFileReference; lastKnownFileType = sourcecode.swift; name = "Artifact+CoreDataClass.swift"; path = "HabitLeveling/Models/Artifact+CoreDataClass.swift"; sourceTree = "<group>"; };
		09C2BA6B2DA0890900CD6352 /* Artifact+CoreDataProperties.swift */ = {isa = PBXFileReference; lastKnownFileType = sourcecode.swift; name = "Artifact+CoreDataProperties.swift"; path = "HabitLeveling/Models/Artifact+CoreDataProperties.swift"; sourceTree = "<group>"; };
/* End PBXFileReference section */

/* Begin PBXFileSystemSynchronizedBuildFileExceptionSet section */
		0989FC6F2D9C3DA500729503 /* Exceptions for "Views" folder in "HabitLeveling" target */ = {
			isa = PBXFileSystemSynchronizedBuildFileExceptionSet;
			membershipExceptions = (
				ActiveQuestsSectionView.swift,
				AddEditHabitSubViews.swift,
				AddEditHabitView.swift,
				ArtifactEarnedView.swift,
				CircularProgressView.swift,
				CombinedLevelEssenceView.swift,
				DashboardView.swift,
				EssenceCoreView.swift,
				GatesView.swift,
				HabitListView.swift,
				HabitRowView.swift,
				HabitTemplatePickerView.swift,
				LevelUpView.swift,
				SettingsView.swift,
				StatDistributionBarView.swift,
				StatsRadarChartView.swift,
				StatsView.swift,
				StatusCapsuleView.swift,
				StatusSectionView.swift,
			);
			target = 0989FC0B2D9C176200729503 /* HabitLeveling */;
		};
		0989FC892D9CA11F00729503 /* Exceptions for "Managers" folder in "HabitLeveling" target */ = {
			isa = PBXFileSystemSynchronizedBuildFileExceptionSet;
			membershipExceptions = (
				EssenceCoreManager.swift,
				GateManager.swift,
				HabitTrackingManager.swift,
				LevelingManager.swift,
				NotificationManager.swift,
				ResetManager.swift,
				StatsManager.swift,
			);
			target = 0989FC0B2D9C176200729503 /* HabitLeveling */;
		};
		0989FC8A2D9CA11F00729503 /* Exceptions for "Managers" folder in "HabitLevelingUITests" target */ = {
			isa = PBXFileSystemSynchronizedBuildFileExceptionSet;
			membershipExceptions = (
				EssenceCoreManager.swift,
				GateManager.swift,
				HabitTrackingManager.swift,
				LevelingManager.swift,
				NotificationManager.swift,
				ResetManager.swift,
				StatsManager.swift,
			);
			target = 0989FC272D9C176400729503 /* HabitLevelingUITests */;
		};
		0989FC8C2D9CA15200729503 /* Exceptions for "ViewModels" folder in "HabitLeveling" target */ = {
			isa = PBXFileSystemSynchronizedBuildFileExceptionSet;
			membershipExceptions = (
				AddEditHabitViewModel.swift,
				DashboardViewModel.swift,
				GatesViewModel.swift,
				HabitListViewModel.swift,
				HabitTemplate.swift,
				HabitTemplateProvider.swift,
				StatsViewModel.swift,
			);
			target = 0989FC0B2D9C176200729503 /* HabitLeveling */;
		};
		09A11B652D9F2918002D12B5 /* Exceptions for "HabitLeveling" folder in "HabitLeveling" target */ = {
			isa = PBXFileSystemSynchronizedBuildFileExceptionSet;
			membershipExceptions = (
				ArtifactSeeder.swift,
				Assets.xcassets,
				AvailableSanctumItem.swift,
				ContentView.swift,
				HabitLevelingApp.swift,
				Persistence.swift,
			);
			target = 0989FC0B2D9C176200729503 /* HabitLeveling */;
		};
/* End PBXFileSystemSynchronizedBuildFileExceptionSet section */

/* Begin PBXFileSystemSynchronizedGroupBuildPhaseMembershipExceptionSet section */
		09C2BA062D9F3C3200CD6352 /* Exceptions for "HabitLeveling" folder in "Copy Bundle Resources" phase from "HabitLeveling" target */ = {
			isa = PBXFileSystemSynchronizedGroupBuildPhaseMembershipExceptionSet;
			buildPhase = 0989FC0A2D9C176200729503 /* Resources */;
			membershipExceptions = (
				HabitLeveling.xcdatamodeld,
			);
		};
/* End PBXFileSystemSynchronizedGroupBuildPhaseMembershipExceptionSet section */

/* Begin PBXFileSystemSynchronizedRootGroup section */
		0989FC212D9C176400729503 /* HabitLevelingTests */ = {
			isa = PBXFileSystemSynchronizedRootGroup;
			path = HabitLevelingTests;
			sourceTree = "<group>";
		};
		0989FC2B2D9C176400729503 /* HabitLevelingUITests */ = {
			isa = PBXFileSystemSynchronizedRootGroup;
			path = HabitLevelingUITests;
			sourceTree = "<group>";
		};
		0989FC672D9C3DA500729503 /* Views */ = {
			isa = PBXFileSystemSynchronizedRootGroup;
			exceptions = (
				0989FC6F2D9C3DA500729503 /* Exceptions for "Views" folder in "HabitLeveling" target */,
			);
			path = Views;
			sourceTree = "<group>";
		};
		0989FC882D9CA11100729503 /* Managers */ = {
			isa = PBXFileSystemSynchronizedRootGroup;
			exceptions = (
				0989FC892D9CA11F00729503 /* Exceptions for "Managers" folder in "HabitLeveling" target */,
				0989FC8A2D9CA11F00729503 /* Exceptions for "Managers" folder in "HabitLevelingUITests" target */,
			);
			path = Managers;
			sourceTree = "<group>";
		};
		0989FC8B2D9CA14A00729503 /* ViewModels */ = {
			isa = PBXFileSystemSynchronizedRootGroup;
			exceptions = (
				0989FC8C2D9CA15200729503 /* Exceptions for "ViewModels" folder in "HabitLeveling" target */,
			);
			path = ViewModels;
			sourceTree = "<group>";
		};
		09A11B522D9F2918002D12B5 /* HabitLeveling */ = {
			isa = PBXFileSystemSynchronizedRootGroup;
			exceptions = (
				09A11B652D9F2918002D12B5 /* Exceptions for "HabitLeveling" folder in "HabitLeveling" target */,
				09C2BA062D9F3C3200CD6352 /* Exceptions for "HabitLeveling" folder in "Copy Bundle Resources" phase from "HabitLeveling" target */,
			);
			path = HabitLeveling;
			sourceTree = "<group>";
		};
/* End PBXFileSystemSynchronizedRootGroup section */

/* Begin PBXFrameworksBuildPhase section */
		0989FC092D9C176200729503 /* Frameworks */ = {
			isa = PBXFrameworksBuildPhase;
			buildActionMask = 2147483647;
			files = (
			);
			runOnlyForDeploymentPostprocessing = 0;
		};
		0989FC1B2D9C176400729503 /* Frameworks */ = {
			isa = PBXFrameworksBuildPhase;
			buildActionMask = 2147483647;
			files = (
			);
			runOnlyForDeploymentPostprocessing = 0;
		};
		0989FC252D9C176400729503 /* Frameworks */ = {
			isa = PBXFrameworksBuildPhase;
			buildActionMask = 2147483647;
			files = (
			);
			runOnlyForDeploymentPostprocessing = 0;
		};
/* End PBXFrameworksBuildPhase section */

/* Begin PBXGroup section */
		0989FC032D9C176200729503 = {
			isa = PBXGroup;
			children = (
				09BE87F52D9DEC41004FCCFB /* Theme */,
				09BE87E22D9D3A1B004FCCFB /* Modifiers */,
				0989FC8B2D9CA14A00729503 /* ViewModels */,
				0989FC882D9CA11100729503 /* Managers */,
				0989FC672D9C3DA500729503 /* Views */,
				0989FC212D9C176400729503 /* HabitLevelingTests */,
				0989FC2B2D9C176400729503 /* HabitLevelingUITests */,
				09A11B522D9F2918002D12B5 /* HabitLeveling */,
				09C2BA6A2DA0890900CD6352 /* Artifact+CoreDataClass.swift */,
				09C2BA6B2DA0890900CD6352 /* Artifact+CoreDataProperties.swift */,
				09C2BA602DA088F000CD6352 /* UserArtifact+CoreDataClass.swift */,
				09C2BA612DA088F000CD6352 /* UserArtifact+CoreDataProperties.swift */,
				09C2BA3B2D9F5D6700CD6352 /* UserProfile+CoreDataClass.swift */,
				09C2BA3C2D9F5D6700CD6352 /* UserProfile+CoreDataProperties.swift */,
				09C2BA312D9F5D5200CD6352 /* HabitLog+CoreDataClass.swift */,
				09C2BA322D9F5D5200CD6352 /* HabitLog+CoreDataProperties.swift */,
				09C2BA272D9F5D3900CD6352 /* Habit+CoreDataClass.swift */,
				09C2BA282D9F5D3900CD6352 /* Habit+CoreDataProperties.swift */,
				09C2BA1D2D9F5D1F00CD6352 /* GateStatus+CoreDataClass.swift */,
				09C2BA1E2D9F5D1F00CD6352 /* GateStatus+CoreDataProperties.swift */,
				0989FC0D2D9C176200729503 /* Products */,
			);
			sourceTree = "<group>";
		};
		0989FC0D2D9C176200729503 /* Products */ = {
			isa = PBXGroup;
			children = (
				0989FC0C2D9C176200729503 /* HabitLeveling.app */,
				0989FC1E2D9C176400729503 /* HabitLevelingTests.xctest */,
				0989FC282D9C176400729503 /* HabitLevelingUITests.xctest */,
			);
			name = Products;
			sourceTree = "<group>";
		};
		09BE87E22D9D3A1B004FCCFB /* Modifiers */ = {
			isa = PBXGroup;
			children = (
				09BE87E32D9D3A38004FCCFB /* SoloPanelModifier.swift */,
				09BE87EB2D9D5D1B004FCCFB /* GradientButtonStyle.swift */,
				0922A9ED2DA0CDE50003A6BD /* ViewModifiers.swift */,
			);
			path = Modifiers;
			sourceTree = "<group>";
		};
		09BE87F52D9DEC41004FCCFB /* Theme */ = {
			isa = PBXGroup;
			children = (
				09BE87F62D9DEC53004FCCFB /* ThemeColors.swift */,
			);
			path = Theme;
			sourceTree = "<group>";
		};
/* End PBXGroup section */

/* Begin PBXNativeTarget section */
		0989FC0B2D9C176200729503 /* HabitLeveling */ = {
			isa = PBXNativeTarget;
			buildConfigurationList = 0989FC322D9C176400729503 /* Build configuration list for PBXNativeTarget "HabitLeveling" */;
			buildPhases = (
				0989FC082D9C176200729503 /* Sources */,
				0989FC092D9C176200729503 /* Frameworks */,
				0989FC0A2D9C176200729503 /* Resources */,
			);
			buildRules = (
			);
			dependencies = (
			);
			name = HabitLeveling;
			packageProductDependencies = (
			);
			productName = HabitLeveling;
			productReference = 0989FC0C2D9C176200729503 /* HabitLeveling.app */;
			productType = "com.apple.product-type.application";
		};
		0989FC1D2D9C176400729503 /* HabitLevelingTests */ = {
			isa = PBXNativeTarget;
			buildConfigurationList = 0989FC352D9C176400729503 /* Build configuration list for PBXNativeTarget "HabitLevelingTests" */;
			buildPhases = (
				0989FC1A2D9C176400729503 /* Sources */,
				0989FC1B2D9C176400729503 /* Frameworks */,
				0989FC1C2D9C176400729503 /* Resources */,
			);
			buildRules = (
			);
			dependencies = (
				0989FC202D9C176400729503 /* PBXTargetDependency */,
			);
			fileSystemSynchronizedGroups = (
				0989FC212D9C176400729503 /* HabitLevelingTests */,
			);
			name = HabitLevelingTests;
			packageProductDependencies = (
			);
			productName = HabitLevelingTests;
			productReference = 0989FC1E2D9C176400729503 /* HabitLevelingTests.xctest */;
			productType = "com.apple.product-type.bundle.unit-test";
		};
		0989FC272D9C176400729503 /* HabitLevelingUITests */ = {
			isa = PBXNativeTarget;
			buildConfigurationList = 0989FC382D9C176400729503 /* Build configuration list for PBXNativeTarget "HabitLevelingUITests" */;
			buildPhases = (
				0989FC242D9C176400729503 /* Sources */,
				0989FC252D9C176400729503 /* Frameworks */,
				0989FC262D9C176400729503 /* Resources */,
			);
			buildRules = (
			);
			dependencies = (
				0989FC2A2D9C176400729503 /* PBXTargetDependency */,
			);
			fileSystemSynchronizedGroups = (
				0989FC2B2D9C176400729503 /* HabitLevelingUITests */,
				0989FC672D9C3DA500729503 /* Views */,
				0989FC882D9CA11100729503 /* Managers */,
				0989FC8B2D9CA14A00729503 /* ViewModels */,
				09A11B522D9F2918002D12B5 /* HabitLeveling */,
			);
			name = HabitLevelingUITests;
			packageProductDependencies = (
			);
			productName = HabitLevelingUITests;
			productReference = 0989FC282D9C176400729503 /* HabitLevelingUITests.xctest */;
			productType = "com.apple.product-type.bundle.ui-testing";
		};
/* End PBXNativeTarget section */

/* Begin PBXProject section */
		0989FC042D9C176200729503 /* Project object */ = {
			isa = PBXProject;
			attributes = {
				BuildIndependentTargetsInParallel = 1;
				LastSwiftUpdateCheck = 1630;
				LastUpgradeCheck = 1630;
				TargetAttributes = {
					0989FC0B2D9C176200729503 = {
						CreatedOnToolsVersion = 16.3;
					};
					0989FC1D2D9C176400729503 = {
						CreatedOnToolsVersion = 16.3;
						TestTargetID = 0989FC0B2D9C176200729503;
					};
					0989FC272D9C176400729503 = {
						CreatedOnToolsVersion = 16.3;
						TestTargetID = 0989FC0B2D9C176200729503;
					};
				};
			};
			buildConfigurationList = 0989FC072D9C176200729503 /* Build configuration list for PBXProject "HabitLeveling" */;
			developmentRegion = en;
			hasScannedForEncodings = 0;
			knownRegions = (
				en,
				Base,
			);
			mainGroup = 0989FC032D9C176200729503;
			minimizedProjectReferenceProxies = 1;
			preferredProjectObjectVersion = 77;
			productRefGroup = 0989FC0D2D9C176200729503 /* Products */;
			projectDirPath = "";
			projectRoot = "";
			targets = (
				0989FC0B2D9C176200729503 /* HabitLeveling */,
				0989FC1D2D9C176400729503 /* HabitLevelingTests */,
				0989FC272D9C176400729503 /* HabitLevelingUITests */,
			);
		};
/* End PBXProject section */

/* Begin PBXResourcesBuildPhase section */
		0989FC0A2D9C176200729503 /* Resources */ = {
			isa = PBXResourcesBuildPhase;
			buildActionMask = 2147483647;
			files = (
			);
			runOnlyForDeploymentPostprocessing = 0;
		};
		0989FC1C2D9C176400729503 /* Resources */ = {
			isa = PBXResourcesBuildPhase;
			buildActionMask = 2147483647;
			files = (
			);
			runOnlyForDeploymentPostprocessing = 0;
		};
		0989FC262D9C176400729503 /* Resources */ = {
			isa = PBXResourcesBuildPhase;
			buildActionMask = 2147483647;
			files = (
			);
			runOnlyForDeploymentPostprocessing = 0;
		};
/* End PBXResourcesBuildPhase section */

/* Begin PBXSourcesBuildPhase section */
		0989FC082D9C176200729503 /* Sources */ = {
			isa = PBXSourcesBuildPhase;
			buildActionMask = 2147483647;
			files = (
				09BE87EC2D9D5D1B004FCCFB /* GradientButtonStyle.swift in Sources */,
				09BE87F72D9DEC53004FCCFB /* ThemeColors.swift in Sources */,
				09BE87E42D9D3A38004FCCFB /* SoloPanelModifier.swift in Sources */,
				09C2BA3F2D9F5D6700CD6352 /* UserProfile+CoreDataProperties.swift in Sources */,
				09C2BA402D9F5D6700CD6352 /* UserProfile+CoreDataClass.swift in Sources */,
				09C2BA212D9F5D1F00CD6352 /* GateStatus+CoreDataClass.swift in Sources */,
				09C2BA222D9F5D1F00CD6352 /* GateStatus+CoreDataProperties.swift in Sources */,
				09C2BA6C2DA0890900CD6352 /* Artifact+CoreDataClass.swift in Sources */,
				09C2BA6D2DA0890900CD6352 /* Artifact+CoreDataProperties.swift in Sources */,
				09C2BA352D9F5D5200CD6352 /* HabitLog+CoreDataClass.swift in Sources */,
				0988F1EE2DA503C80071996C /* ViewModifiers.swift in Sources */,
				09C2BA362D9F5D5200CD6352 /* HabitLog+CoreDataProperties.swift in Sources */,
				09C2BA2B2D9F5D3900CD6352 /* Habit+CoreDataClass.swift in Sources */,
				09C2BA2C2D9F5D3900CD6352 /* Habit+CoreDataProperties.swift in Sources */,
				09C2BA622DA088F000CD6352 /* UserArtifact+CoreDataClass.swift in Sources */,
				09C2BA632DA088F000CD6352 /* UserArtifact+CoreDataProperties.swift in Sources */,
			);
			runOnlyForDeploymentPostprocessing = 0;
		};
		0989FC1A2D9C176400729503 /* Sources */ = {
			isa = PBXSourcesBuildPhase;
			buildActionMask = 2147483647;
			files = (
			);
			runOnlyForDeploymentPostprocessing = 0;
		};
		0989FC242D9C176400729503 /* Sources */ = {
			isa = PBXSourcesBuildPhase;
			buildActionMask = 2147483647;
			files = (
				09C2BA1F2D9F5D1F00CD6352 /* GateStatus+CoreDataClass.swift in Sources */,
				09C2BA202D9F5D1F00CD6352 /* GateStatus+CoreDataProperties.swift in Sources */,
				09C2BA332D9F5D5200CD6352 /* HabitLog+CoreDataClass.swift in Sources */,
				0988F1EF2DA503C80071996C /* ViewModifiers.swift in Sources */,
				09C2BA342D9F5D5200CD6352 /* HabitLog+CoreDataProperties.swift in Sources */,
				09C2BA642DA088F000CD6352 /* UserArtifact+CoreDataClass.swift in Sources */,
				09C2BA652DA088F000CD6352 /* UserArtifact+CoreDataProperties.swift in Sources */,
				09C2BA6E2DA0890900CD6352 /* Artifact+CoreDataClass.swift in Sources */,
				09C2BA6F2DA0890900CD6352 /* Artifact+CoreDataProperties.swift in Sources */,
				09C2BA292D9F5D3900CD6352 /* Habit+CoreDataProperties.swift in Sources */,
				09C2BA2A2D9F5D3900CD6352 /* Habit+CoreDataClass.swift in Sources */,
				09C2BA3D2D9F5D6700CD6352 /* UserProfile+CoreDataProperties.swift in Sources */,
				09C2BA3E2D9F5D6700CD6352 /* UserProfile+CoreDataClass.swift in Sources */,
			);
			runOnlyForDeploymentPostprocessing = 0;
		};
/* End PBXSourcesBuildPhase section */

/* Begin PBXTargetDependency section */
		0989FC202D9C176400729503 /* PBXTargetDependency */ = {
			isa = PBXTargetDependency;
			target = 0989FC0B2D9C176200729503 /* HabitLeveling */;
			targetProxy = 0989FC1F2D9C176400729503 /* PBXContainerItemProxy */;
		};
		0989FC2A2D9C176400729503 /* PBXTargetDependency */ = {
			isa = PBXTargetDependency;
			target = 0989FC0B2D9C176200729503 /* HabitLeveling */;
			targetProxy = 0989FC292D9C176400729503 /* PBXContainerItemProxy */;
		};
/* End PBXTargetDependency section */

/* Begin XCBuildConfiguration section */
		0989FC302D9C176400729503 /* Debug */ = {
			isa = XCBuildConfiguration;
			buildSettings = {
				ALWAYS_SEARCH_USER_PATHS = NO;
				ASSETCATALOG_COMPILER_GENERATE_SWIFT_ASSET_SYMBOL_EXTENSIONS = YES;
				CLANG_ANALYZER_NONNULL = YES;
				CLANG_ANALYZER_NUMBER_OBJECT_CONVERSION = YES_AGGRESSIVE;
				CLANG_CXX_LANGUAGE_STANDARD = "gnu++20";
				CLANG_ENABLE_MODULES = YES;
				CLANG_ENABLE_OBJC_ARC = YES;
				CLANG_ENABLE_OBJC_WEAK = YES;
				CLANG_WARN_BLOCK_CAPTURE_AUTORELEASING = YES;
				CLANG_WARN_BOOL_CONVERSION = YES;
				CLANG_WARN_COMMA = YES;
				CLANG_WARN_CONSTANT_CONVERSION = YES;
				CLANG_WARN_DEPRECATED_OBJC_IMPLEMENTATIONS = YES;
				CLANG_WARN_DIRECT_OBJC_ISA_USAGE = YES_ERROR;
				CLANG_WARN_DOCUMENTATION_COMMENTS = YES;
				CLANG_WARN_EMPTY_BODY = YES;
				CLANG_WARN_ENUM_CONVERSION = YES;
				CLANG_WARN_INFINITE_RECURSION = YES;
				CLANG_WARN_INT_CONVERSION = YES;
				CLANG_WARN_NON_LITERAL_NULL_CONVERSION = YES;
				CLANG_WARN_OBJC_IMPLICIT_RETAIN_SELF = YES;
				CLANG_WARN_OBJC_LITERAL_CONVERSION = YES;
				CLANG_WARN_OBJC_ROOT_CLASS = YES_ERROR;
				CLANG_WARN_QUOTED_INCLUDE_IN_FRAMEWORK_HEADER = YES;
				CLANG_WARN_RANGE_LOOP_ANALYSIS = YES;
				CLANG_WARN_STRICT_PROTOTYPES = YES;
				CLANG_WARN_SUSPICIOUS_MOVE = YES;
				CLANG_WARN_UNGUARDED_AVAILABILITY = YES_AGGRESSIVE;
				CLANG_WARN_UNREACHABLE_CODE = YES;
				CLANG_WARN__DUPLICATE_METHOD_MATCH = YES;
				COPY_PHASE_STRIP = NO;
				DEBUG_INFORMATION_FORMAT = dwarf;
				DEVELOPMENT_TEAM = FZC84X8Q9F;
				ENABLE_STRICT_OBJC_MSGSEND = YES;
				ENABLE_TESTABILITY = YES;
				ENABLE_USER_SCRIPT_SANDBOXING = YES;
				GCC_C_LANGUAGE_STANDARD = gnu17;
				GCC_DYNAMIC_NO_PIC = NO;
				GCC_NO_COMMON_BLOCKS = YES;
				GCC_OPTIMIZATION_LEVEL = 0;
				GCC_PREPROCESSOR_DEFINITIONS = (
					"DEBUG=1",
					"$(inherited)",
				);
				GCC_WARN_64_TO_32_BIT_CONVERSION = YES;
				GCC_WARN_ABOUT_RETURN_TYPE = YES_ERROR;
				GCC_WARN_UNDECLARED_SELECTOR = YES;
				GCC_WARN_UNINITIALIZED_AUTOS = YES_AGGRESSIVE;
				GCC_WARN_UNUSED_FUNCTION = YES;
				GCC_WARN_UNUSED_VARIABLE = YES;
				IPHONEOS_DEPLOYMENT_TARGET = 18.4;
				LOCALIZATION_PREFERS_STRING_CATALOGS = YES;
				MTL_ENABLE_DEBUG_INFO = INCLUDE_SOURCE;
				MTL_FAST_MATH = YES;
				ONLY_ACTIVE_ARCH = YES;
				SDKROOT = iphoneos;
				SWIFT_ACTIVE_COMPILATION_CONDITIONS = "DEBUG $(inherited)";
				SWIFT_OPTIMIZATION_LEVEL = "-Onone";
			};
			name = Debug;
		};
		0989FC312D9C176400729503 /* Release */ = {
			isa = XCBuildConfiguration;
			buildSettings = {
				ALWAYS_SEARCH_USER_PATHS = NO;
				ASSETCATALOG_COMPILER_GENERATE_SWIFT_ASSET_SYMBOL_EXTENSIONS = YES;
				CLANG_ANALYZER_NONNULL = YES;
				CLANG_ANALYZER_NUMBER_OBJECT_CONVERSION = YES_AGGRESSIVE;
				CLANG_CXX_LANGUAGE_STANDARD = "gnu++20";
				CLANG_ENABLE_MODULES = YES;
				CLANG_ENABLE_OBJC_ARC = YES;
				CLANG_ENABLE_OBJC_WEAK = YES;
				CLANG_WARN_BLOCK_CAPTURE_AUTORELEASING = YES;
				CLANG_WARN_BOOL_CONVERSION = YES;
				CLANG_WARN_COMMA = YES;
				CLANG_WARN_CONSTANT_CONVERSION = YES;
				CLANG_WARN_DEPRECATED_OBJC_IMPLEMENTATIONS = YES;
				CLANG_WARN_DIRECT_OBJC_ISA_USAGE = YES_ERROR;
				CLANG_WARN_DOCUMENTATION_COMMENTS = YES;
				CLANG_WARN_EMPTY_BODY = YES;
				CLANG_WARN_ENUM_CONVERSION = YES;
				CLANG_WARN_INFINITE_RECURSION = YES;
				CLANG_WARN_INT_CONVERSION = YES;
				CLANG_WARN_NON_LITERAL_NULL_CONVERSION = YES;
				CLANG_WARN_OBJC_IMPLICIT_RETAIN_SELF = YES;
				CLANG_WARN_OBJC_LITERAL_CONVERSION = YES;
				CLANG_WARN_OBJC_ROOT_CLASS = YES_ERROR;
				CLANG_WARN_QUOTED_INCLUDE_IN_FRAMEWORK_HEADER = YES;
				CLANG_WARN_RANGE_LOOP_ANALYSIS = YES;
				CLANG_WARN_STRICT_PROTOTYPES = YES;
				CLANG_WARN_SUSPICIOUS_MOVE = YES;
				CLANG_WARN_UNGUARDED_AVAILABILITY = YES_AGGRESSIVE;
				CLANG_WARN_UNREACHABLE_CODE = YES;
				CLANG_WARN__DUPLICATE_METHOD_MATCH = YES;
				COPY_PHASE_STRIP = NO;
				DEBUG_INFORMATION_FORMAT = "dwarf-with-dsym";
				DEVELOPMENT_TEAM = FZC84X8Q9F;
				ENABLE_NS_ASSERTIONS = NO;
				ENABLE_STRICT_OBJC_MSGSEND = YES;
				ENABLE_USER_SCRIPT_SANDBOXING = YES;
				GCC_C_LANGUAGE_STANDARD = gnu17;
				GCC_NO_COMMON_BLOCKS = YES;
				GCC_WARN_64_TO_32_BIT_CONVERSION = YES;
				GCC_WARN_ABOUT_RETURN_TYPE = YES_ERROR;
				GCC_WARN_UNDECLARED_SELECTOR = YES;
				GCC_WARN_UNINITIALIZED_AUTOS = YES_AGGRESSIVE;
				GCC_WARN_UNUSED_FUNCTION = YES;
				GCC_WARN_UNUSED_VARIABLE = YES;
				IPHONEOS_DEPLOYMENT_TARGET = 18.4;
				LOCALIZATION_PREFERS_STRING_CATALOGS = YES;
				MTL_ENABLE_DEBUG_INFO = NO;
				MTL_FAST_MATH = YES;
				SDKROOT = iphoneos;
				SWIFT_COMPILATION_MODE = wholemodule;
				VALIDATE_PRODUCT = YES;
			};
			name = Release;
		};
		0989FC332D9C176400729503 /* Debug */ = {
			isa = XCBuildConfiguration;
			buildSettings = {
				ASSETCATALOG_COMPILER_APPICON_NAME = AppIcon;
				ASSETCATALOG_COMPILER_GLOBAL_ACCENT_COLOR_NAME = AccentColor;
				CODE_SIGN_STYLE = Automatic;
				CURRENT_PROJECT_VERSION = 1;
				DEVELOPMENT_TEAM = FZC84X8Q9F;
				ENABLE_PREVIEWS = YES;
				GENERATE_INFOPLIST_FILE = YES;
				INFOPLIST_KEY_UIApplicationSceneManifest_Generation = YES;
				INFOPLIST_KEY_UIApplicationSupportsIndirectInputEvents = YES;
				INFOPLIST_KEY_UILaunchScreen_Generation = YES;
				INFOPLIST_KEY_UISupportedInterfaceOrientations_iPad = "UIInterfaceOrientationPortrait UIInterfaceOrientationPortraitUpsideDown UIInterfaceOrientationLandscapeLeft UIInterfaceOrientationLandscapeRight";
				INFOPLIST_KEY_UISupportedInterfaceOrientations_iPhone = "UIInterfaceOrientationPortrait UIInterfaceOrientationLandscapeLeft UIInterfaceOrientationLandscapeRight";
				LD_RUNPATH_SEARCH_PATHS = (
					"$(inherited)",
					"@executable_path/Frameworks",
				);
				MARKETING_VERSION = 1.0;
				PRODUCT_BUNDLE_IDENTIFIER = com.example.HabitLeveling.HabitLeveling;
				PRODUCT_NAME = "$(TARGET_NAME)";
				SWIFT_EMIT_LOC_STRINGS = YES;
				SWIFT_VERSION = 5.0;
				TARGETED_DEVICE_FAMILY = "1,2";
			};
			name = Debug;
		};
		0989FC342D9C176400729503 /* Release */ = {
			isa = XCBuildConfiguration;
			buildSettings = {
				ASSETCATALOG_COMPILER_APPICON_NAME = AppIcon;
				ASSETCATALOG_COMPILER_GLOBAL_ACCENT_COLOR_NAME = AccentColor;
				CODE_SIGN_STYLE = Automatic;
				CURRENT_PROJECT_VERSION = 1;
				DEVELOPMENT_TEAM = FZC84X8Q9F;
				ENABLE_PREVIEWS = YES;
				GENERATE_INFOPLIST_FILE = YES;
				INFOPLIST_KEY_UIApplicationSceneManifest_Generation = YES;
				INFOPLIST_KEY_UIApplicationSupportsIndirectInputEvents = YES;
				INFOPLIST_KEY_UILaunchScreen_Generation = YES;
				INFOPLIST_KEY_UISupportedInterfaceOrientations_iPad = "UIInterfaceOrientationPortrait UIInterfaceOrientationPortraitUpsideDown UIInterfaceOrientationLandscapeLeft UIInterfaceOrientationLandscapeRight";
				INFOPLIST_KEY_UISupportedInterfaceOrientations_iPhone = "UIInterfaceOrientationPortrait UIInterfaceOrientationLandscapeLeft UIInterfaceOrientationLandscapeRight";
				LD_RUNPATH_SEARCH_PATHS = (
					"$(inherited)",
					"@executable_path/Frameworks",
				);
				MARKETING_VERSION = 1.0;
				PRODUCT_BUNDLE_IDENTIFIER = com.example.HabitLeveling.HabitLeveling;
				PRODUCT_NAME = "$(TARGET_NAME)";
				SWIFT_EMIT_LOC_STRINGS = YES;
				SWIFT_VERSION = 5.0;
				TARGETED_DEVICE_FAMILY = "1,2";
			};
			name = Release;
		};
		0989FC362D9C176400729503 /* Debug */ = {
			isa = XCBuildConfiguration;
			buildSettings = {
				BUNDLE_LOADER = "$(TEST_HOST)";
				CODE_SIGN_STYLE = Automatic;
				CURRENT_PROJECT_VERSION = 1;
				DEVELOPMENT_TEAM = FZC84X8Q9F;
				GENERATE_INFOPLIST_FILE = YES;
				IPHONEOS_DEPLOYMENT_TARGET = 18.4;
				MARKETING_VERSION = 1.0;
				PRODUCT_BUNDLE_IDENTIFIER = com.example.HabitLeveling.HabitLevelingTests;
				PRODUCT_NAME = "$(TARGET_NAME)";
				SWIFT_EMIT_LOC_STRINGS = NO;
				SWIFT_VERSION = 5.0;
				TARGETED_DEVICE_FAMILY = "1,2";
				TEST_HOST = "$(BUILT_PRODUCTS_DIR)/HabitLeveling.app/$(BUNDLE_EXECUTABLE_FOLDER_PATH)/HabitLeveling";
			};
			name = Debug;
		};
		0989FC372D9C176400729503 /* Release */ = {
			isa = XCBuildConfiguration;
			buildSettings = {
				BUNDLE_LOADER = "$(TEST_HOST)";
				CODE_SIGN_STYLE = Automatic;
				CURRENT_PROJECT_VERSION = 1;
				DEVELOPMENT_TEAM = FZC84X8Q9F;
				GENERATE_INFOPLIST_FILE = YES;
				IPHONEOS_DEPLOYMENT_TARGET = 18.4;
				MARKETING_VERSION = 1.0;
				PRODUCT_BUNDLE_IDENTIFIER = com.example.HabitLeveling.HabitLevelingTests;
				PRODUCT_NAME = "$(TARGET_NAME)";
				SWIFT_EMIT_LOC_STRINGS = NO;
				SWIFT_VERSION = 5.0;
				TARGETED_DEVICE_FAMILY = "1,2";
				TEST_HOST = "$(BUILT_PRODUCTS_DIR)/HabitLeveling.app/$(BUNDLE_EXECUTABLE_FOLDER_PATH)/HabitLeveling";
			};
			name = Release;
		};
		0989FC392D9C176400729503 /* Debug */ = {
			isa = XCBuildConfiguration;
			buildSettings = {
				CODE_SIGN_STYLE = Automatic;
				CURRENT_PROJECT_VERSION = 1;
				DEVELOPMENT_TEAM = FZC84X8Q9F;
				GENERATE_INFOPLIST_FILE = YES;
				MARKETING_VERSION = 1.0;
				PRODUCT_BUNDLE_IDENTIFIER = com.example.HabitLeveling.HabitLevelingUITests;
				PRODUCT_NAME = "$(TARGET_NAME)";
				SWIFT_EMIT_LOC_STRINGS = NO;
				SWIFT_VERSION = 5.0;
				TARGETED_DEVICE_FAMILY = "1,2";
				TEST_TARGET_NAME = HabitLeveling;
			};
			name = Debug;
		};
		0989FC3A2D9C176400729503 /* Release */ = {
			isa = XCBuildConfiguration;
			buildSettings = {
				CODE_SIGN_STYLE = Automatic;
				CURRENT_PROJECT_VERSION = 1;
				DEVELOPMENT_TEAM = FZC84X8Q9F;
				GENERATE_INFOPLIST_FILE = YES;
				MARKETING_VERSION = 1.0;
				PRODUCT_BUNDLE_IDENTIFIER = com.example.HabitLeveling.HabitLevelingUITests;
				PRODUCT_NAME = "$(TARGET_NAME)";
				SWIFT_EMIT_LOC_STRINGS = NO;
				SWIFT_VERSION = 5.0;
				TARGETED_DEVICE_FAMILY = "1,2";
				TEST_TARGET_NAME = HabitLeveling;
			};
			name = Release;
		};
/* End XCBuildConfiguration section */

/* Begin XCConfigurationList section */
		0989FC072D9C176200729503 /* Build configuration list for PBXProject "HabitLeveling" */ = {
			isa = XCConfigurationList;
			buildConfigurations = (
				0989FC302D9C176400729503 /* Debug */,
				0989FC312D9C176400729503 /* Release */,
			);
			defaultConfigurationIsVisible = 0;
			defaultConfigurationName = Release;
		};
		0989FC322D9C176400729503 /* Build configuration list for PBXNativeTarget "HabitLeveling" */ = {
			isa = XCConfigurationList;
			buildConfigurations = (
				0989FC332D9C176400729503 /* Debug */,
				0989FC342D9C176400729503 /* Release */,
			);
			defaultConfigurationIsVisible = 0;
			defaultConfigurationName = Release;
		};
		0989FC352D9C176400729503 /* Build configuration list for PBXNativeTarget "HabitLevelingTests" */ = {
			isa = XCConfigurationList;
			buildConfigurations = (
				0989FC362D9C176400729503 /* Debug */,
				0989FC372D9C176400729503 /* Release */,
			);
			defaultConfigurationIsVisible = 0;
			defaultConfigurationName = Release;
		};
		0989FC382D9C176400729503 /* Build configuration list for PBXNativeTarget "HabitLevelingUITests" */ = {
			isa = XCConfigurationList;
			buildConfigurations = (
				0989FC392D9C176400729503 /* Debug */,
				0989FC3A2D9C176400729503 /* Release */,
			);
			defaultConfigurationIsVisible = 0;
			defaultConfigurationName = Release;
		};
/* End XCConfigurationList section */
	};
	rootObject = 0989FC042D9C176200729503 /* Project object */;
}
